
Microsoft Visual Studio Solution File, Format Version 12.00
# Visual Studio Version 16
VisualStudioVersion = 16.0.30011.22
MinimumVisualStudioVersion = 10.0.40219.1
Project("{FAE04EC0-301F-11D3-BF4B-00C04F79EFBC}") = "CICDPracticalTwoRepo", "CICDPracticalTwoRepo\CICDPracticalTwoRepo.csproj", "{3D2F91B8-E64E-4554-947B-9502DAD812A3}"
EndProject
Global
	GlobalSection(SolutionConfigurationPlatforms) = preSolution
		Debug|Any CPU = Debug|Any CPU
		Release|Any CPU = Release|Any CPU
	EndGlobalSection
	GlobalSection(ProjectConfigurationPlatforms) = postSolution
		{3D2F91B8-E64E-4554-947B-9502DAD812A3}.Debug|Any CPU.ActiveCfg = Debug|Any CPU
		{3D2F91B8-E64E-4554-947B-9502DAD812A3}.Debug|Any CPU.Build.0 = Debug|Any CPU
		{3D2F91B8-E64E-4554-947B-9502DAD812A3}.Release|Any CPU.ActiveCfg = Release|Any CPU
		{3D2F91B8-E64E-4554-947B-9502DAD812A3}.Release|Any CPU.Build.0 = Release|Any CPU
	EndGlobalSection
	GlobalSection(SolutionProperties) = preSolution
		HideSolutionNode = FALSE
	EndGlobalSection
	GlobalSection(ExtensibilityGlobals) = postSolution
		SolutionGuid = {FF5E7656-DE51-4B6C-AA4F-63A3AE7ED3B2}
	EndGlobalSection
EndGlobal
